Microsoft Visual Studio Solution File, Format Version 12.00
# Visual Studio Version 17
VisualStudioVersion = 17.5.2.0
MinimumVisualStudioVersion = 10.0.40219.1
Project("{FAE04EC0-301F-11D3-BF4B-00C04F79EFBC}") = "SolidExamples", "SolidExamples.csproj", "{1AD420EF-3F30-0326-9747-3BB5C473C26A}"
EndProject
Global
	GlobalSection(SolutionConfigurationPlatforms) = preSolution
		Debug|Any CPU = Debug|Any CPU
		Release|Any CPU = Release|Any CPU
	EndGlobalSection
	GlobalSection(ProjectConfigurationPlatforms) = postSolution
		{1AD420EF-3F30-0326-9747-3BB5C473C26A}.Debug|Any CPU.ActiveCfg = Debug|Any CPU
		{1AD420EF-3F30-0326-9747-3BB5C473C26A}.Debug|Any CPU.Build.0 = Debug|Any CPU
		{1AD420EF-3F30-0326-9747-3BB5C473C26A}.Release|Any CPU.ActiveCfg = Release|Any CPU
		{1AD420EF-3F30-0326-9747-3BB5C473C26A}.Release|Any CPU.Build.0 = Release|Any CPU
	EndGlobalSection
	GlobalSection(SolutionProperties) = preSolution
		HideSolutionNode = FALSE
	EndGlobalSection
	GlobalSection(ExtensibilityGlobals) = postSolution
		SolutionGuid = {EDF232F7-CFC8-4F06-8A4E-94B25A8E05EB}
	EndGlobalSection
EndGlobal
